// !$*UTF8*$!
{
	archiveVersion = 1;
	classes = {
	};
	objectVersion = 46;
	objects = {

/* Begin PBXBuildFile section */
		EC0D9EE61BB7E1C8001ABA25 /* ThreadPool.cpp in Sources */ = {isa = PBXBuildFile; fileRef = EC0D9EE41BB7E1C8001ABA25 /* ThreadPool.cpp */; };
		EC0D9EE71BB7E1C8001ABA25 /* ThreadPool.h in Headers */ = {isa = PBXBuildFile; fileRef = EC0D9EE51BB7E1C8001ABA25 /* ThreadPool.h */; };
		EC0D9EEA1BB7E272001ABA25 /* ThreadRunnable.cpp in Sources */ = {isa = PBXBuildFile; fileRef = EC0D9EE81BB7E272001ABA25 /* ThreadRunnable.cpp */; };
		EC0D9EEB1BB7E272001ABA25 /* ThreadRunnable.h in Headers */ = {isa = PBXBuildFile; fileRef = EC0D9EE91BB7E272001ABA25 /* ThreadRunnable.h */; };
		EC0D9EFD1BB7E40B001ABA25 /* Acceptor.cpp in Sources */ = {isa = PBXBuildFile; fileRef = EC0D9EED1BB7E40B001ABA25 /* Acceptor.cpp */; };
		EC0D9EFE1BB7E40B001ABA25 /* Acceptor.h in Headers */ = {isa = PBXBuildFile; fileRef = EC0D9EEE1BB7E40B001ABA25 /* Acceptor.h */; };
		EC0D9EFF1BB7E40B001ABA25 /* Connection.cpp in Sources */ = {isa = PBXBuildFile; fileRef = EC0D9EEF1BB7E40B001ABA25 /* Connection.cpp */; };
		EC0D9F001BB7E40B001ABA25 /* Connection.h in Headers */ = {isa = PBXBuildFile; fileRef = EC0D9EF01BB7E40B001ABA25 /* Connection.h */; };
		EC0D9F011BB7E40B001ABA25 /* Connector.cpp in Sources */ = {isa = PBXBuildFile; fileRef = EC0D9EF11BB7E40B001ABA25 /* Connector.cpp */; };
		EC0D9F021BB7E40B001ABA25 /* Connector.h in Headers */ = {isa = PBXBuildFile; fileRef = EC0D9EF21BB7E40B001ABA25 /* Connector.h */; };
		EC0D9F051BB7E40B001ABA25 /* KqueueSelect.cpp in Sources */ = {isa = PBXBuildFile; fileRef = EC0D9EF51BB7E40B001ABA25 /* KqueueSelect.cpp */; };
		EC0D9F061BB7E40B001ABA25 /* KqueueSelect.h in Headers */ = {isa = PBXBuildFile; fileRef = EC0D9EF61BB7E40B001ABA25 /* KqueueSelect.h */; };
		EC0D9F071BB7E40B001ABA25 /* Select.cpp in Sources */ = {isa = PBXBuildFile; fileRef = EC0D9EF71BB7E40B001ABA25 /* Select.cpp */; };
		EC0D9F081BB7E40B001ABA25 /* Select.h in Headers */ = {isa = PBXBuildFile; fileRef = EC0D9EF81BB7E40B001ABA25 /* Select.h */; };
		EC0D9F091BB7E40B001ABA25 /* TCPServer.cpp in Sources */ = {isa = PBXBuildFile; fileRef = EC0D9EF91BB7E40B001ABA25 /* TCPServer.cpp */; };
		EC0D9F0A1BB7E40B001ABA25 /* TCPServer.h in Headers */ = {isa = PBXBuildFile; fileRef = EC0D9EFA1BB7E40B001ABA25 /* TCPServer.h */; };
		EC0D9F0B1BB7E40B001ABA25 /* Watcher.cpp in Sources */ = {isa = PBXBuildFile; fileRef = EC0D9EFB1BB7E40B001ABA25 /* Watcher.cpp */; };
		EC0D9F0C1BB7E40B001ABA25 /* Watcher.h in Headers */ = {isa = PBXBuildFile; fileRef = EC0D9EFC1BB7E40B001ABA25 /* Watcher.h */; };
		EC0D9F121BB7E6F8001ABA25 /* EventLoop.cpp in Sources */ = {isa = PBXBuildFile; fileRef = EC0D9F0E1BB7E6F8001ABA25 /* EventLoop.cpp */; };
		EC0D9F131BB7E6F8001ABA25 /* EventLoop.h in Headers */ = {isa = PBXBuildFile; fileRef = EC0D9F0F1BB7E6F8001ABA25 /* EventLoop.h */; };
		EC0D9F191BB7EBAD001ABA25 /* Buffer.cpp in Sources */ = {isa = PBXBuildFile; fileRef = EC0D9F151BB7EBAD001ABA25 /* Buffer.cpp */; };
		EC0D9F1A1BB7EBAD001ABA25 /* Buffer.h in Headers */ = {isa = PBXBuildFile; fileRef = EC0D9F161BB7EBAD001ABA25 /* Buffer.h */; };
		EC0D9F1B1BB7EBAD001ABA25 /* BufferV.cpp in Sources */ = {isa = PBXBuildFile; fileRef = EC0D9F171BB7EBAD001ABA25 /* BufferV.cpp */; };
		EC0D9F1C1BB7EBAD001ABA25 /* BufferV.h in Headers */ = {isa = PBXBuildFile; fileRef = EC0D9F181BB7EBAD001ABA25 /* BufferV.h */; };
		EC0D9F1E1BB7EC67001ABA25 /* ET.h in Headers */ = {isa = PBXBuildFile; fileRef = EC0D9F1D1BB7EC67001ABA25 /* ET.h */; };
		EC0D9F2C1BBD71E3001ABA25 /* Response.cpp in Sources */ = {isa = PBXBuildFile; fileRef = EC0D9F2B1BBD71E3001ABA25 /* Response.cpp */; };
		EC0D9F2F1BC513ED001ABA25 /* Session.cpp in Sources */ = {isa = PBXBuildFile; fileRef = EC0D9F2D1BC513ED001ABA25 /* Session.cpp */; };
		EC0D9F301BC513ED001ABA25 /* Session.h in Headers */ = {isa = PBXBuildFile; fileRef = EC0D9F2E1BC513ED001ABA25 /* Session.h */; };
		EC0D9F3F1BCAAB4B001ABA25 /* ResponseHeader.cpp in Sources */ = {isa = PBXBuildFile; fileRef = EC0D9F3D1BCAAB4B001ABA25 /* ResponseHeader.cpp */; };
		EC0D9F401BCAAB4B001ABA25 /* ResponseHeader.h in Headers */ = {isa = PBXBuildFile; fileRef = EC0D9F3E1BCAAB4B001ABA25 /* ResponseHeader.h */; };
		EC9783301A483BC2000848C5 /* Server.cpp in Sources */ = {isa = PBXBuildFile; fileRef = EC97832F1A483BC2000848C5 /* Server.cpp */; };
		ECD7AD901B59419C005E8574 /* BaseHeader.cpp in Sources */ = {isa = PBXBuildFile; fileRef = ECD7AD8C1B59419C005E8574 /* BaseHeader.cpp */; };
		ECD7AD911B59419C005E8574 /* Request.cpp in Sources */ = {isa = PBXBuildFile; fileRef = ECD7AD8D1B59419C005E8574 /* Request.cpp */; };
		ECD7AD961B594214005E8574 /* StringUtility.cpp in Sources */ = {isa = PBXBuildFile; fileRef = ECD7AD941B594214005E8574 /* StringUtility.cpp */; };
		ECD7AD971B594214005E8574 /* StringUtility.h in Headers */ = {isa = PBXBuildFile; fileRef = ECD7AD951B594214005E8574 /* StringUtility.h */; };
		ECD7AD9D1B5BC970005E8574 /* RequestHeader.cpp in Sources */ = {isa = PBXBuildFile; fileRef = ECD7AD9B1B5BC970005E8574 /* RequestHeader.cpp */; };
		ECD7AD9E1B5BC970005E8574 /* RequestHeader.h in Headers */ = {isa = PBXBuildFile; fileRef = ECD7AD9C1B5BC970005E8574 /* RequestHeader.h */; };
		ECD9D6921B611EAD00D1FB74 /* File.cpp in Sources */ = {isa = PBXBuildFile; fileRef = ECD9D6901B611EAD00D1FB74 /* File.cpp */; };
		ECD9D6931B611EAD00D1FB74 /* File.h in Headers */ = {isa = PBXBuildFile; fileRef = ECD9D6911B611EAD00D1FB74 /* File.h */; };
		ECD9D6A01B690D7F00D1FB74 /* Dir.cpp in Sources */ = {isa = PBXBuildFile; fileRef = ECD9D69E1B690D7F00D1FB74 /* Dir.cpp */; };
		ECD9D6A11B690D7F00D1FB74 /* Dir.h in Headers */ = {isa = PBXBuildFile; fileRef = ECD9D69F1B690D7F00D1FB74 /* Dir.h */; };
		ECE3DCFE1D9D68A20031FAE7 /* Router.cpp in Sources */ = {isa = PBXBuildFile; fileRef = ECE3DCFD1D9D68A20031FAE7 /* Router.cpp */; };
		ECE3DD031D9D69500031FAE7 /* Handler.h in Headers */ = {isa = PBXBuildFile; fileRef = ECE3DD001D9D69500031FAE7 /* Handler.h */; };
		ECE3DD041D9D69500031FAE7 /* StaticFileHandler.cpp in Sources */ = {isa = PBXBuildFile; fileRef = ECE3DD011D9D69500031FAE7 /* StaticFileHandler.cpp */; };
		ECE3DD051D9D69500031FAE7 /* StaticFileHandler.h in Headers */ = {isa = PBXBuildFile; fileRef = ECE3DD021D9D69500031FAE7 /* StaticFileHandler.h */; };
		ECE7AC6C19DA9769000118A3 /* Alloc.cpp in Sources */ = {isa = PBXBuildFile; fileRef = ECE7AC6A19DA9769000118A3 /* Alloc.cpp */; };
		ECE7AC6D19DA9769000118A3 /* Alloc.h in Headers */ = {isa = PBXBuildFile; fileRef = ECE7AC6B19DA9769000118A3 /* Alloc.h */; };
		ECE7AC7019DA97B6000118A3 /* Timestamp.cpp in Sources */ = {isa = PBXBuildFile; fileRef = ECE7AC6E19DA97B6000118A3 /* Timestamp.cpp */; };
		ECE7AC7119DA97B6000118A3 /* Timestamp.h in Headers */ = {isa = PBXBuildFile; fileRef = ECE7AC6F19DA97B6000118A3 /* Timestamp.h */; };
		ECE9E2DC1DA602E600658A06 /* WebSocketHandler.cpp in Sources */ = {isa = PBXBuildFile; fileRef = ECE9E2DA1DA602E600658A06 /* WebSocketHandler.cpp */; };
		ECE9E2DD1DA602E600658A06 /* WebSocketHandler.hpp in Headers */ = {isa = PBXBuildFile; fileRef = ECE9E2DB1DA602E600658A06 /* WebSocketHandler.hpp */; };
		ECED85231BED92BF00891D1C /* ResponseRunnable.cpp in Sources */ = {isa = PBXBuildFile; fileRef = ECED85211BED92BF00891D1C /* ResponseRunnable.cpp */; };
		ECED85241BED92BF00891D1C /* ResponseRunnable.h in Headers */ = {isa = PBXBuildFile; fileRef = ECED85221BED92BF00891D1C /* ResponseRunnable.h */; };
		ECED85271BEE024C00891D1C /* Log.cpp in Sources */ = {isa = PBXBuildFile; fileRef = ECED85251BEE024C00891D1C /* Log.cpp */; };
		ECED85281BEE024C00891D1C /* Log.h in Headers */ = {isa = PBXBuildFile; fileRef = ECED85261BEE024C00891D1C /* Log.h */; };
		ECED852B1BEE2AA100891D1C /* Logger.cpp in Sources */ = {isa = PBXBuildFile; fileRef = ECED85291BEE2AA100891D1C /* Logger.cpp */; };
		ECED852C1BEE2AA100891D1C /* Logger.h in Headers */ = {isa = PBXBuildFile; fileRef = ECED852A1BEE2AA100891D1C /* Logger.h */; };
		ECED852F1BEE430200891D1C /* LoggerTarget.cpp in Sources */ = {isa = PBXBuildFile; fileRef = ECED852D1BEE430200891D1C /* LoggerTarget.cpp */; };
		ECED85301BEE430200891D1C /* LoggerTarget.h in Headers */ = {isa = PBXBuildFile; fileRef = ECED852E1BEE430200891D1C /* LoggerTarget.h */; };
		ECED85341BEEF45800891D1C /* Net.h in Headers */ = {isa = PBXBuildFile; fileRef = ECED85331BEEF45800891D1C /* Net.h */; };
/* End PBXBuildFile section */

/* Begin PBXFileReference section */
		EC0D9EE41BB7E1C8001ABA25 /* ThreadPool.cpp */ = {isa = PBXFileReference; fileEncoding = 4; lastKnownFileType = sourcecode.cpp.cpp; path = ThreadPool.cpp; sourceTree = "<group>"; };
		EC0D9EE51BB7E1C8001ABA25 /* ThreadPool.h */ = {isa = PBXFileReference; fileEncoding = 4; lastKnownFileType = sourcecode.c.h; path = ThreadPool.h; sourceTree = "<group>"; };
		EC0D9EE81BB7E272001ABA25 /* ThreadRunnable.cpp */ = {isa = PBXFileReference; fileEncoding = 4; lastKnownFileType = sourcecode.cpp.cpp; path = ThreadRunnable.cpp; sourceTree = "<group>"; };
		EC0D9EE91BB7E272001ABA25 /* ThreadRunnable.h */ = {isa = PBXFileReference; fileEncoding = 4; lastKnownFileType = sourcecode.c.h; path = ThreadRunnable.h; sourceTree = "<group>"; };
		EC0D9EED1BB7E40B001ABA25 /* Acceptor.cpp */ = {isa = PBXFileReference; fileEncoding = 4; lastKnownFileType = sourcecode.cpp.cpp; path = Acceptor.cpp; sourceTree = "<group>"; };
		EC0D9EEE1BB7E40B001ABA25 /* Acceptor.h */ = {isa = PBXFileReference; fileEncoding = 4; lastKnownFileType = sourcecode.c.h; path = Acceptor.h; sourceTree = "<group>"; };
		EC0D9EEF1BB7E40B001ABA25 /* Connection.cpp */ = {isa = PBXFileReference; fileEncoding = 4; lastKnownFileType = sourcecode.cpp.cpp; path = Connection.cpp; sourceTree = "<group>"; };
		EC0D9EF01BB7E40B001ABA25 /* Connection.h */ = {isa = PBXFileReference; fileEncoding = 4; lastKnownFileType = sourcecode.c.h; path = Connection.h; sourceTree = "<group>"; };
		EC0D9EF11BB7E40B001ABA25 /* Connector.cpp */ = {isa = PBXFileReference; fileEncoding = 4; lastKnownFileType = sourcecode.cpp.cpp; path = Connector.cpp; sourceTree = "<group>"; };
		EC0D9EF21BB7E40B001ABA25 /* Connector.h */ = {isa = PBXFileReference; fileEncoding = 4; lastKnownFileType = sourcecode.c.h; path = Connector.h; sourceTree = "<group>"; };
		EC0D9EF51BB7E40B001ABA25 /* KqueueSelect.cpp */ = {isa = PBXFileReference; fileEncoding = 4; lastKnownFileType = sourcecode.cpp.cpp; path = KqueueSelect.cpp; sourceTree = "<group>"; };
		EC0D9EF61BB7E40B001ABA25 /* KqueueSelect.h */ = {isa = PBXFileReference; fileEncoding = 4; lastKnownFileType = sourcecode.c.h; path = KqueueSelect.h; sourceTree = "<group>"; };
		EC0D9EF71BB7E40B001ABA25 /* Select.cpp */ = {isa = PBXFileReference; fileEncoding = 4; lastKnownFileType = sourcecode.cpp.cpp; path = Select.cpp; sourceTree = "<group>"; };
		EC0D9EF81BB7E40B001ABA25 /* Select.h */ = {isa = PBXFileReference; fileEncoding = 4; lastKnownFileType = sourcecode.c.h; path = Select.h; sourceTree = "<group>"; };
		EC0D9EF91BB7E40B001ABA25 /* TCPServer.cpp */ = {isa = PBXFileReference; fileEncoding = 4; lastKnownFileType = sourcecode.cpp.cpp; path = TCPServer.cpp; sourceTree = "<group>"; };
		EC0D9EFA1BB7E40B001ABA25 /* TCPServer.h */ = {isa = PBXFileReference; fileEncoding = 4; lastKnownFileType = sourcecode.c.h; path = TCPServer.h; sourceTree = "<group>"; };
		EC0D9EFB1BB7E40B001ABA25 /* Watcher.cpp */ = {isa = PBXFileReference; fileEncoding = 4; lastKnownFileType = sourcecode.cpp.cpp; path = Watcher.cpp; sourceTree = "<group>"; };
		EC0D9EFC1BB7E40B001ABA25 /* Watcher.h */ = {isa = PBXFileReference; fileEncoding = 4; lastKnownFileType = sourcecode.c.h; path = Watcher.h; sourceTree = "<group>"; };
		EC0D9F0E1BB7E6F8001ABA25 /* EventLoop.cpp */ = {isa = PBXFileReference; fileEncoding = 4; lastKnownFileType = sourcecode.cpp.cpp; path = EventLoop.cpp; sourceTree = "<group>"; };
		EC0D9F0F1BB7E6F8001ABA25 /* EventLoop.h */ = {isa = PBXFileReference; fileEncoding = 4; lastKnownFileType = sourcecode.c.h; path = EventLoop.h; sourceTree = "<group>"; };
		EC0D9F151BB7EBAD001ABA25 /* Buffer.cpp */ = {isa = PBXFileReference; fileEncoding = 4; lastKnownFileType = sourcecode.cpp.cpp; path = Buffer.cpp; sourceTree = "<group>"; };
		EC0D9F161BB7EBAD001ABA25 /* Buffer.h */ = {isa = PBXFileReference; fileEncoding = 4; lastKnownFileType = sourcecode.c.h; path = Buffer.h; sourceTree = "<group>"; };
		EC0D9F171BB7EBAD001ABA25 /* BufferV.cpp */ = {isa = PBXFileReference; fileEncoding = 4; lastKnownFileType = sourcecode.cpp.cpp; path = BufferV.cpp; sourceTree = "<group>"; };
		EC0D9F181BB7EBAD001ABA25 /* BufferV.h */ = {isa = PBXFileReference; fileEncoding = 4; lastKnownFileType = sourcecode.c.h; path = BufferV.h; sourceTree = "<group>"; };
		EC0D9F1D1BB7EC67001ABA25 /* ET.h */ = {isa = PBXFileReference; fileEncoding = 4; lastKnownFileType = sourcecode.c.h; path = ET.h; sourceTree = "<group>"; };
		EC0D9F2B1BBD71E3001ABA25 /* Response.cpp */ = {isa = PBXFileReference; fileEncoding = 4; lastKnownFileType = sourcecode.cpp.cpp; path = Response.cpp; sourceTree = "<group>"; };
		EC0D9F2D1BC513ED001ABA25 /* Session.cpp */ = {isa = PBXFileReference; fileEncoding = 4; lastKnownFileType = sourcecode.cpp.cpp; path = Session.cpp; sourceTree = "<group>"; };
		EC0D9F2E1BC513ED001ABA25 /* Session.h */ = {isa = PBXFileReference; fileEncoding = 4; lastKnownFileType = sourcecode.c.h; path = Session.h; sourceTree = "<group>"; };
		EC0D9F3D1BCAAB4B001ABA25 /* ResponseHeader.cpp */ = {isa = PBXFileReference; fileEncoding = 4; lastKnownFileType = sourcecode.cpp.cpp; path = ResponseHeader.cpp; sourceTree = "<group>"; };
		EC0D9F3E1BCAAB4B001ABA25 /* ResponseHeader.h */ = {isa = PBXFileReference; fileEncoding = 4; lastKnownFileType = sourcecode.c.h; path = ResponseHeader.h; sourceTree = "<group>"; };
		EC97832C1A480627000848C5 /* Router.h */ = {isa = PBXFileReference; lastKnownFileType = sourcecode.c.h; path = Router.h; sourceTree = "<group>"; };
		EC97832F1A483BC2000848C5 /* Server.cpp */ = {isa = PBXFileReference; fileEncoding = 4; lastKnownFileType = sourcecode.cpp.cpp; path = Server.cpp; sourceTree = "<group>"; };
		ECA3D02419C1627C003C02DE /* libET.a */ = {isa = PBXFileReference; explicitFileType = archive.ar; includeInIndex = 0; path = libET.a; sourceTree = BUILT_PRODUCTS_DIR; };
		ECD7AD8C1B59419C005E8574 /* BaseHeader.cpp */ = {isa = PBXFileReference; fileEncoding = 4; lastKnownFileType = sourcecode.cpp.cpp; path = BaseHeader.cpp; sourceTree = "<group>"; };
		ECD7AD8D1B59419C005E8574 /* Request.cpp */ = {isa = PBXFileReference; fileEncoding = 4; lastKnownFileType = sourcecode.cpp.cpp; path = Request.cpp; sourceTree = "<group>"; };
		ECD7AD941B594214005E8574 /* StringUtility.cpp */ = {isa = PBXFileReference; fileEncoding = 4; lastKnownFileType = sourcecode.cpp.cpp; path = StringUtility.cpp; sourceTree = "<group>"; };
		ECD7AD951B594214005E8574 /* StringUtility.h */ = {isa = PBXFileReference; fileEncoding = 4; lastKnownFileType = sourcecode.c.h; path = StringUtility.h; sourceTree = "<group>"; };
		ECD7AD9B1B5BC970005E8574 /* RequestHeader.cpp */ = {isa = PBXFileReference; fileEncoding = 4; lastKnownFileType = sourcecode.cpp.cpp; path = RequestHeader.cpp; sourceTree = "<group>"; };
		ECD7AD9C1B5BC970005E8574 /* RequestHeader.h */ = {isa = PBXFileReference; fileEncoding = 4; lastKnownFileType = sourcecode.c.h; path = RequestHeader.h; sourceTree = "<group>"; };
		ECD9D6901B611EAD00D1FB74 /* File.cpp */ = {isa = PBXFileReference; fileEncoding = 4; lastKnownFileType = sourcecode.cpp.cpp; path = File.cpp; sourceTree = "<group>"; };
		ECD9D6911B611EAD00D1FB74 /* File.h */ = {isa = PBXFileReference; fileEncoding = 4; lastKnownFileType = sourcecode.c.h; path = File.h; sourceTree = "<group>"; };
		ECD9D69E1B690D7F00D1FB74 /* Dir.cpp */ = {isa = PBXFileReference; fileEncoding = 4; lastKnownFileType = sourcecode.cpp.cpp; path = Dir.cpp; sourceTree = "<group>"; };
		ECD9D69F1B690D7F00D1FB74 /* Dir.h */ = {isa = PBXFileReference; fileEncoding = 4; lastKnownFileType = sourcecode.c.h; path = Dir.h; sourceTree = "<group>"; };
		ECE3DCFD1D9D68A20031FAE7 /* Router.cpp */ = {isa = PBXFileReference; fileEncoding = 4; lastKnownFileType = sourcecode.cpp.cpp; path = Router.cpp; sourceTree = "<group>"; };
		ECE3DD001D9D69500031FAE7 /* Handler.h */ = {isa = PBXFileReference; fileEncoding = 4; lastKnownFileType = sourcecode.c.h; path = Handler.h; sourceTree = "<group>"; };
		ECE3DD011D9D69500031FAE7 /* StaticFileHandler.cpp */ = {isa = PBXFileReference; fileEncoding = 4; lastKnownFileType = sourcecode.cpp.cpp; path = StaticFileHandler.cpp; sourceTree = "<group>"; };
		ECE3DD021D9D69500031FAE7 /* StaticFileHandler.h */ = {isa = PBXFileReference; fileEncoding = 4; lastKnownFileType = sourcecode.c.h; path = StaticFileHandler.h; sourceTree = "<group>"; };
		ECE7AC6A19DA9769000118A3 /* Alloc.cpp */ = {isa = PBXFileReference; fileEncoding = 4; lastKnownFileType = sourcecode.cpp.cpp; path = Alloc.cpp; sourceTree = "<group>"; };
		ECE7AC6B19DA9769000118A3 /* Alloc.h */ = {isa = PBXFileReference; fileEncoding = 4; lastKnownFileType = sourcecode.c.h; path = Alloc.h; sourceTree = "<group>"; };
		ECE7AC6E19DA97B6000118A3 /* Timestamp.cpp */ = {isa = PBXFileReference; fileEncoding = 4; lastKnownFileType = sourcecode.cpp.cpp; path = Timestamp.cpp; sourceTree = "<group>"; };
		ECE7AC6F19DA97B6000118A3 /* Timestamp.h */ = {isa = PBXFileReference; fileEncoding = 4; lastKnownFileType = sourcecode.c.h; path = Timestamp.h; sourceTree = "<group>"; };
		ECE9E2DA1DA602E600658A06 /* WebSocketHandler.cpp */ = {isa = PBXFileReference; fileEncoding = 4; lastKnownFileType = sourcecode.cpp.cpp; path = WebSocketHandler.cpp; sourceTree = "<group>"; };
		ECE9E2DB1DA602E600658A06 /* WebSocketHandler.hpp */ = {isa = PBXFileReference; fileEncoding = 4; lastKnownFileType = sourcecode.cpp.h; path = WebSocketHandler.hpp; sourceTree = "<group>"; };
		ECED85211BED92BF00891D1C /* ResponseRunnable.cpp */ = {isa = PBXFileReference; fileEncoding = 4; lastKnownFileType = sourcecode.cpp.cpp; path = ResponseRunnable.cpp; sourceTree = "<group>"; };
		ECED85221BED92BF00891D1C /* ResponseRunnable.h */ = {isa = PBXFileReference; fileEncoding = 4; lastKnownFileType = sourcecode.c.h; path = ResponseRunnable.h; sourceTree = "<group>"; };
		ECED85251BEE024C00891D1C /* Log.cpp */ = {isa = PBXFileReference; fileEncoding = 4; lastKnownFileType = sourcecode.cpp.cpp; path = Log.cpp; sourceTree = "<group>"; };
		ECED85261BEE024C00891D1C /* Log.h */ = {isa = PBXFileReference; fileEncoding = 4; lastKnownFileType = sourcecode.c.h; path = Log.h; sourceTree = "<group>"; };
		ECED85291BEE2AA100891D1C /* Logger.cpp */ = {isa = PBXFileReference; fileEncoding = 4; lastKnownFileType = sourcecode.cpp.cpp; path = Logger.cpp; sourceTree = "<group>"; };
		ECED852A1BEE2AA100891D1C /* Logger.h */ = {isa = PBXFileReference; fileEncoding = 4; lastKnownFileType = sourcecode.c.h; path = Logger.h; sourceTree = "<group>"; };
		ECED852D1BEE430200891D1C /* LoggerTarget.cpp */ = {isa = PBXFileReference; fileEncoding = 4; lastKnownFileType = sourcecode.cpp.cpp; path = LoggerTarget.cpp; sourceTree = "<group>"; };
		ECED852E1BEE430200891D1C /* LoggerTarget.h */ = {isa = PBXFileReference; fileEncoding = 4; lastKnownFileType = sourcecode.c.h; path = LoggerTarget.h; sourceTree = "<group>"; };
		ECED85331BEEF45800891D1C /* Net.h */ = {isa = PBXFileReference; fileEncoding = 4; lastKnownFileType = sourcecode.c.h; path = Net.h; sourceTree = "<group>"; };
		ECF48B481A0F541D0076A7D4 /* Request.h */ = {isa = PBXFileReference; lastKnownFileType = sourcecode.c.h; path = Request.h; sourceTree = "<group>"; };
		ECF48B491A0F542A0076A7D4 /* Response.h */ = {isa = PBXFileReference; lastKnownFileType = sourcecode.c.h; path = Response.h; sourceTree = "<group>"; };
		ECF48B4A1A0F54530076A7D4 /* Server.h */ = {isa = PBXFileReference; lastKnownFileType = sourcecode.c.h; path = Server.h; sourceTree = "<group>"; };
		ECF48B4B1A0F545D0076A7D4 /* Client.h */ = {isa = PBXFileReference; lastKnownFileType = sourcecode.c.h; path = Client.h; sourceTree = "<group>"; };
		ECF48B4C1A0F5D9A0076A7D4 /* BaseHeader.h */ = {isa = PBXFileReference; lastKnownFileType = sourcecode.c.h; path = BaseHeader.h; sourceTree = "<group>"; };
/* End PBXFileReference section */

/* Begin PBXFrameworksBuildPhase section */
		ECA3D02119C1627C003C02DE /* Frameworks */ = {
			isa = PBXFrameworksBuildPhase;
			buildActionMask = 2147483647;
			files = (
			);
			runOnlyForDeploymentPostprocessing = 0;
		};
/* End PBXFrameworksBuildPhase section */

/* Begin PBXGroup section */
		EC0D9EE31BB7E1AD001ABA25 /* thread */ = {
			isa = PBXGroup;
			children = (
				EC0D9EE41BB7E1C8001ABA25 /* ThreadPool.cpp */,
				EC0D9EE51BB7E1C8001ABA25 /* ThreadPool.h */,
				EC0D9EE81BB7E272001ABA25 /* ThreadRunnable.cpp */,
				EC0D9EE91BB7E272001ABA25 /* ThreadRunnable.h */,
			);
			path = thread;
			sourceTree = "<group>";
		};
		EC0D9EEC1BB7E40B001ABA25 /* net */ = {
			isa = PBXGroup;
			children = (
				ECED85331BEEF45800891D1C /* Net.h */,
				EC0D9EED1BB7E40B001ABA25 /* Acceptor.cpp */,
				EC0D9EEE1BB7E40B001ABA25 /* Acceptor.h */,
				EC0D9EEF1BB7E40B001ABA25 /* Connection.cpp */,
				EC0D9EF01BB7E40B001ABA25 /* Connection.h */,
				EC0D9EF11BB7E40B001ABA25 /* Connector.cpp */,
				EC0D9EF21BB7E40B001ABA25 /* Connector.h */,
				EC0D9EF51BB7E40B001ABA25 /* KqueueSelect.cpp */,
				EC0D9EF61BB7E40B001ABA25 /* KqueueSelect.h */,
				EC0D9EF71BB7E40B001ABA25 /* Select.cpp */,
				EC0D9EF81BB7E40B001ABA25 /* Select.h */,
				EC0D9EF91BB7E40B001ABA25 /* TCPServer.cpp */,
				EC0D9EFA1BB7E40B001ABA25 /* TCPServer.h */,
				EC0D9EFB1BB7E40B001ABA25 /* Watcher.cpp */,
				EC0D9EFC1BB7E40B001ABA25 /* Watcher.h */,
			);
			path = net;
			sourceTree = "<group>";
		};
		ECA3D01B19C1627C003C02DE = {
			isa = PBXGroup;
			children = (
				ECA3D02B19C163AE003C02DE /* src */,
				ECA3D02519C1627C003C02DE /* Products */,
			);
			sourceTree = "<group>";
		};
		ECA3D02519C1627C003C02DE /* Products */ = {
			isa = PBXGroup;
			children = (
				ECA3D02419C1627C003C02DE /* libET.a */,
			);
			name = Products;
			sourceTree = "<group>";
		};
		ECA3D02B19C163AE003C02DE /* src */ = {
			isa = PBXGroup;
			children = (
				EC0D9F1D1BB7EC67001ABA25 /* ET.h */,
				EC0D9F0E1BB7E6F8001ABA25 /* EventLoop.cpp */,
				EC0D9F0F1BB7E6F8001ABA25 /* EventLoop.h */,
				ECA3D04319C163AE003C02DE /* utility */,
				EC0D9EEC1BB7E40B001ABA25 /* net */,
				EC0D9EE31BB7E1AD001ABA25 /* thread */,
				ECD9D68F1B611E9400D1FB74 /* system */,
				ECF48B471A0F0C4B0076A7D4 /* http */,
			);
			name = src;
			path = ../../../src;
			sourceTree = "<group>";
		};
		ECA3D04319C163AE003C02DE /* utility */ = {
			isa = PBXGroup;
			children = (
				EC0D9F151BB7EBAD001ABA25 /* Buffer.cpp */,
				EC0D9F161BB7EBAD001ABA25 /* Buffer.h */,
				EC0D9F171BB7EBAD001ABA25 /* BufferV.cpp */,
				EC0D9F181BB7EBAD001ABA25 /* BufferV.h */,
				ECD7AD941B594214005E8574 /* StringUtility.cpp */,
				ECD7AD951B594214005E8574 /* StringUtility.h */,
				ECE7AC6E19DA97B6000118A3 /* Timestamp.cpp */,
				ECE7AC6F19DA97B6000118A3 /* Timestamp.h */,
				ECE7AC6A19DA9769000118A3 /* Alloc.cpp */,
				ECE7AC6B19DA9769000118A3 /* Alloc.h */,
				ECED85251BEE024C00891D1C /* Log.cpp */,
				ECED85261BEE024C00891D1C /* Log.h */,
				ECED85291BEE2AA100891D1C /* Logger.cpp */,
				ECED852A1BEE2AA100891D1C /* Logger.h */,
				ECED852D1BEE430200891D1C /* LoggerTarget.cpp */,
				ECED852E1BEE430200891D1C /* LoggerTarget.h */,
			);
			path = utility;
			sourceTree = "<group>";
		};
		ECD9D68F1B611E9400D1FB74 /* system */ = {
			isa = PBXGroup;
			children = (
				ECD9D6901B611EAD00D1FB74 /* File.cpp */,
				ECD9D6911B611EAD00D1FB74 /* File.h */,
				ECD9D69E1B690D7F00D1FB74 /* Dir.cpp */,
				ECD9D69F1B690D7F00D1FB74 /* Dir.h */,
			);
			path = system;
			sourceTree = "<group>";
		};
		ECE3DCFF1D9D69500031FAE7 /* handler */ = {
			isa = PBXGroup;
			children = (
				ECE3DD001D9D69500031FAE7 /* Handler.h */,
				ECE3DD011D9D69500031FAE7 /* StaticFileHandler.cpp */,
				ECE3DD021D9D69500031FAE7 /* StaticFileHandler.h */,
				ECE9E2DA1DA602E600658A06 /* WebSocketHandler.cpp */,
				ECE9E2DB1DA602E600658A06 /* WebSocketHandler.hpp */,
			);
			path = handler;
			sourceTree = "<group>";
		};
		ECF48B471A0F0C4B0076A7D4 /* http */ = {
			isa = PBXGroup;
			children = (
				ECE3DCFF1D9D69500031FAE7 /* handler */,
				EC97832F1A483BC2000848C5 /* Server.cpp */,
				ECF48B4A1A0F54530076A7D4 /* Server.h */,
				EC0D9F2D1BC513ED001ABA25 /* Session.cpp */,
				EC0D9F2E1BC513ED001ABA25 /* Session.h */,
				ECD7AD8C1B59419C005E8574 /* BaseHeader.cpp */,
				ECF48B4C1A0F5D9A0076A7D4 /* BaseHeader.h */,
				ECD7AD9B1B5BC970005E8574 /* RequestHeader.cpp */,
				ECD7AD9C1B5BC970005E8574 /* RequestHeader.h */,
				ECD7AD8D1B59419C005E8574 /* Request.cpp */,
				ECF48B481A0F541D0076A7D4 /* Request.h */,
				EC0D9F3D1BCAAB4B001ABA25 /* ResponseHeader.cpp */,
				EC0D9F3E1BCAAB4B001ABA25 /* ResponseHeader.h */,
				EC0D9F2B1BBD71E3001ABA25 /* Response.cpp */,
				ECF48B491A0F542A0076A7D4 /* Response.h */,
				ECED85211BED92BF00891D1C /* ResponseRunnable.cpp */,
				ECED85221BED92BF00891D1C /* ResponseRunnable.h */,
				ECE3DCFD1D9D68A20031FAE7 /* Router.cpp */,
				EC97832C1A480627000848C5 /* Router.h */,
				ECF48B4B1A0F545D0076A7D4 /* Client.h */,
			);
			path = http;
			sourceTree = "<group>";
		};
/* End PBXGroup section */

/* Begin PBXHeadersBuildPhase section */
		ECA3D02219C1627C003C02DE /* Headers */ = {
			isa = PBXHeadersBuildPhase;
			buildActionMask = 2147483647;
			files = (
				ECED852C1BEE2AA100891D1C /* Logger.h in Headers */,
				EC0D9F1C1BB7EBAD001ABA25 /* BufferV.h in Headers */,
				ECD7AD971B594214005E8574 /* StringUtility.h in Headers */,
				EC0D9EE71BB7E1C8001ABA25 /* ThreadPool.h in Headers */,
				ECE7AC6D19DA9769000118A3 /* Alloc.h in Headers */,
				EC0D9EEB1BB7E272001ABA25 /* ThreadRunnable.h in Headers */,
				EC0D9F1A1BB7EBAD001ABA25 /* Buffer.h in Headers */,
				EC0D9F021BB7E40B001ABA25 /* Connector.h in Headers */,
				ECD7AD9E1B5BC970005E8574 /* RequestHeader.h in Headers */,
				EC0D9F1E1BB7EC67001ABA25 /* ET.h in Headers */,
				EC0D9F061BB7E40B001ABA25 /* KqueueSelect.h in Headers */,
				EC0D9F131BB7E6F8001ABA25 /* EventLoop.h in Headers */,
				EC0D9EFE1BB7E40B001ABA25 /* Acceptor.h in Headers */,
				EC0D9F081BB7E40B001ABA25 /* Select.h in Headers */,
				ECED85241BED92BF00891D1C /* ResponseRunnable.h in Headers */,
				ECE3DD031D9D69500031FAE7 /* Handler.h in Headers */,
				EC0D9F301BC513ED001ABA25 /* Session.h in Headers */,
				ECD9D6A11B690D7F00D1FB74 /* Dir.h in Headers */,
				ECED85341BEEF45800891D1C /* Net.h in Headers */,
				ECED85281BEE024C00891D1C /* Log.h in Headers */,
				ECED85301BEE430200891D1C /* LoggerTarget.h in Headers */,
				ECD9D6931B611EAD00D1FB74 /* File.h in Headers */,
				EC0D9F401BCAAB4B001ABA25 /* ResponseHeader.h in Headers */,
				ECE3DD051D9D69500031FAE7 /* StaticFileHandler.h in Headers */,
				ECE7AC7119DA97B6000118A3 /* Timestamp.h in Headers */,
				EC0D9F001BB7E40B001ABA25 /* Connection.h in Headers */,
				ECE9E2DD1DA602E600658A06 /* WebSocketHandler.hpp in Headers */,
				EC0D9F0C1BB7E40B001ABA25 /* Watcher.h in Headers */,
				EC0D9F0A1BB7E40B001ABA25 /* TCPServer.h in Headers */,
			);
			runOnlyForDeploymentPostprocessing = 0;
		};
/* End PBXHeadersBuildPhase section */

/* Begin PBXNativeTarget section */
		ECA3D02319C1627C003C02DE /* ET */ = {
			isa = PBXNativeTarget;
			buildConfigurationList = ECA3D02819C1627C003C02DE /* Build configuration list for PBXNativeTarget "ET" */;
			buildPhases = (
				ECA3D02019C1627C003C02DE /* Sources */,
				ECA3D02119C1627C003C02DE /* Frameworks */,
				ECA3D02219C1627C003C02DE /* Headers */,
			);
			buildRules = (
			);
			dependencies = (
			);
			name = ET;
			productName = ET;
			productReference = ECA3D02419C1627C003C02DE /* libET.a */;
			productType = "com.apple.product-type.library.static";
		};
/* End PBXNativeTarget section */

/* Begin PBXProject section */
		ECA3D01C19C1627C003C02DE /* Project object */ = {
			isa = PBXProject;
			attributes = {
				LastUpgradeCheck = 0630;
				ORGANIZATIONNAME = liangliang;
			};
			buildConfigurationList = ECA3D01F19C1627C003C02DE /* Build configuration list for PBXProject "ET" */;
			compatibilityVersion = "Xcode 3.2";
			developmentRegion = English;
			hasScannedForEncodings = 0;
			knownRegions = (
				en,
			);
			mainGroup = ECA3D01B19C1627C003C02DE;
			productRefGroup = ECA3D02519C1627C003C02DE /* Products */;
			projectDirPath = "";
			projectRoot = "";
			targets = (
				ECA3D02319C1627C003C02DE /* ET */,
			);
		};
/* End PBXProject section */

/* Begin PBXSourcesBuildPhase section */
		ECA3D02019C1627C003C02DE /* Sources */ = {
			isa = PBXSourcesBuildPhase;
			buildActionMask = 2147483647;
			files = (
				EC0D9F1B1BB7EBAD001ABA25 /* BufferV.cpp in Sources */,
				ECE7AC7019DA97B6000118A3 /* Timestamp.cpp in Sources */,
				EC0D9EE61BB7E1C8001ABA25 /* ThreadPool.cpp in Sources */,
				ECED85271BEE024C00891D1C /* Log.cpp in Sources */,
				EC0D9F121BB7E6F8001ABA25 /* EventLoop.cpp in Sources */,
				ECD7AD911B59419C005E8574 /* Request.cpp in Sources */,
				EC0D9EFD1BB7E40B001ABA25 /* Acceptor.cpp in Sources */,
				ECD7AD901B59419C005E8574 /* BaseHeader.cpp in Sources */,
				EC0D9F011BB7E40B001ABA25 /* Connector.cpp in Sources */,
				EC0D9F0B1BB7E40B001ABA25 /* Watcher.cpp in Sources */,
				EC0D9F091BB7E40B001ABA25 /* TCPServer.cpp in Sources */,
				EC9783301A483BC2000848C5 /* Server.cpp in Sources */,
				ECD9D6921B611EAD00D1FB74 /* File.cpp in Sources */,
				EC0D9F3F1BCAAB4B001ABA25 /* ResponseHeader.cpp in Sources */,
				ECED852B1BEE2AA100891D1C /* Logger.cpp in Sources */,
				EC0D9F071BB7E40B001ABA25 /* Select.cpp in Sources */,
				ECD7AD9D1B5BC970005E8574 /* RequestHeader.cpp in Sources */,
				EC0D9F051BB7E40B001ABA25 /* KqueueSelect.cpp in Sources */,
				ECE3DD041D9D69500031FAE7 /* StaticFileHandler.cpp in Sources */,
				EC0D9F2F1BC513ED001ABA25 /* Session.cpp in Sources */,
				ECD7AD961B594214005E8574 /* StringUtility.cpp in Sources */,
				EC0D9F191BB7EBAD001ABA25 /* Buffer.cpp in Sources */,
				EC0D9EEA1BB7E272001ABA25 /* ThreadRunnable.cpp in Sources */,
				EC0D9F2C1BBD71E3001ABA25 /* Response.cpp in Sources */,
				EC0D9EFF1BB7E40B001ABA25 /* Connection.cpp in Sources */,
				ECED852F1BEE430200891D1C /* LoggerTarget.cpp in Sources */,
				ECE9E2DC1DA602E600658A06 /* WebSocketHandler.cpp in Sources */,
				ECE7AC6C19DA9769000118A3 /* Alloc.cpp in Sources */,
				ECD9D6A01B690D7F00D1FB74 /* Dir.cpp in Sources */,
				ECE3DCFE1D9D68A20031FAE7 /* Router.cpp in Sources */,
				ECED85231BED92BF00891D1C /* ResponseRunnable.cpp in Sources */,
			);
			runOnlyForDeploymentPostprocessing = 0;
		};
/* End PBXSourcesBuildPhase section */

/* Begin XCBuildConfiguration section */
		ECA3D02619C1627C003C02DE /* Debug */ = {
			isa = XCBuildConfiguration;
			buildSettings = {
				ALWAYS_SEARCH_USER_PATHS = NO;
				CLANG_CXX_LANGUAGE_STANDARD = "gnu++0x";
				CLANG_CXX_LIBRARY = "libc++";
				CLANG_ENABLE_MODULES = YES;
				CLANG_ENABLE_OBJC_ARC = YES;
				CLANG_WARN_BOOL_CONVERSION = YES;
				CLANG_WARN_CONSTANT_CONVERSION = YES;
				CLANG_WARN_DIRECT_OBJC_ISA_USAGE = YES_ERROR;
				CLANG_WARN_EMPTY_BODY = YES;
				CLANG_WARN_ENUM_CONVERSION = YES;
				CLANG_WARN_INT_CONVERSION = YES;
				CLANG_WARN_OBJC_ROOT_CLASS = YES_ERROR;
				CLANG_WARN__DUPLICATE_METHOD_MATCH = YES;
				COPY_PHASE_STRIP = NO;
				GCC_C_LANGUAGE_STANDARD = gnu99;
				GCC_DYNAMIC_NO_PIC = NO;
				GCC_ENABLE_OBJC_EXCEPTIONS = YES;
				GCC_OPTIMIZATION_LEVEL = 0;
				GCC_PREPROCESSOR_DEFINITIONS = (
					"DEBUG=1",
					"$(inherited)",
				);
				GCC_SYMBOLS_PRIVATE_EXTERN = NO;
				GCC_WARN_64_TO_32_BIT_CONVERSION = YES;
				GCC_WARN_ABOUT_RETURN_TYPE = YES_ERROR;
				GCC_WARN_UNDECLARED_SELECTOR = YES;
				GCC_WARN_UNINITIALIZED_AUTOS = YES_AGGRESSIVE;
				GCC_WARN_UNUSED_FUNCTION = YES;
				GCC_WARN_UNUSED_VARIABLE = YES;
				MACOSX_DEPLOYMENT_TARGET = 10.9;
				ONLY_ACTIVE_ARCH = YES;
				SDKROOT = macosx;
			};
			name = Debug;
		};
		ECA3D02719C1627C003C02DE /* Release */ = {
			isa = XCBuildConfiguration;
			buildSettings = {
				ALWAYS_SEARCH_USER_PATHS = NO;
				CLANG_CXX_LANGUAGE_STANDARD = "gnu++0x";
				CLANG_CXX_LIBRARY = "libc++";
				CLANG_ENABLE_MODULES = YES;
				CLANG_ENABLE_OBJC_ARC = YES;
				CLANG_WARN_BOOL_CONVERSION = YES;
				CLANG_WARN_CONSTANT_CONVERSION = YES;
				CLANG_WARN_DIRECT_OBJC_ISA_USAGE = YES_ERROR;
				CLANG_WARN_EMPTY_BODY = YES;
				CLANG_WARN_ENUM_CONVERSION = YES;
				CLANG_WARN_INT_CONVERSION = YES;
				CLANG_WARN_OBJC_ROOT_CLASS = YES_ERROR;
				CLANG_WARN__DUPLICATE_METHOD_MATCH = YES;
				COPY_PHASE_STRIP = YES;
				DEBUG_INFORMATION_FORMAT = "dwarf-with-dsym";
				ENABLE_NS_ASSERTIONS = NO;
				GCC_C_LANGUAGE_STANDARD = gnu99;
				GCC_ENABLE_OBJC_EXCEPTIONS = YES;
				GCC_WARN_64_TO_32_BIT_CONVERSION = YES;
				GCC_WARN_ABOUT_RETURN_TYPE = YES_ERROR;
				GCC_WARN_UNDECLARED_SELECTOR = YES;
				GCC_WARN_UNINITIALIZED_AUTOS = YES_AGGRESSIVE;
				GCC_WARN_UNUSED_FUNCTION = YES;
				GCC_WARN_UNUSED_VARIABLE = YES;
				MACOSX_DEPLOYMENT_TARGET = 10.9;
				SDKROOT = macosx;
			};
			name = Release;
		};
		ECA3D02919C1627C003C02DE /* Debug */ = {
			isa = XCBuildConfiguration;
			buildSettings = {
				COMBINE_HIDPI_IMAGES = YES;
				EXECUTABLE_PREFIX = lib;
				FRAMEWORK_SEARCH_PATHS = "";
				HEADER_SEARCH_PATHS = (
					"$(inherited)",
					/Applications/Xcode.app/Contents/Developer/Toolchains/XcodeDefault.xctoolchain/usr/include,
					"$(PROJECT_DIR)",
				);
				PRODUCT_NAME = "$(TARGET_NAME)";
			};
			name = Debug;
		};
		ECA3D02A19C1627C003C02DE /* Release */ = {
			isa = XCBuildConfiguration;
			buildSettings = {
				COMBINE_HIDPI_IMAGES = YES;
				EXECUTABLE_PREFIX = lib;
				FRAMEWORK_SEARCH_PATHS = "";
				HEADER_SEARCH_PATHS = (
					"$(inherited)",
					/Applications/Xcode.app/Contents/Developer/Toolchains/XcodeDefault.xctoolchain/usr/include,
					"$(PROJECT_DIR)",
				);
				PRODUCT_NAME = "$(TARGET_NAME)";
			};
			name = Release;
		};
/* End XCBuildConfiguration section */

/* Begin XCConfigurationList section */
		ECA3D01F19C1627C003C02DE /* Build configuration list for PBXProject "ET" */ = {
			isa = XCConfigurationList;
			buildConfigurations = (
				ECA3D02619C1627C003C02DE /* Debug */,
				ECA3D02719C1627C003C02DE /* Release */,
			);
			defaultConfigurationIsVisible = 0;
			defaultConfigurationName = Release;
		};
		ECA3D02819C1627C003C02DE /* Build configuration list for PBXNativeTarget "ET" */ = {
			isa = XCConfigurationList;
			buildConfigurations = (
				ECA3D02919C1627C003C02DE /* Debug */,
				ECA3D02A19C1627C003C02DE /* Release */,
			);
			defaultConfigurationIsVisible = 0;
			defaultConfigurationName = Release;
		};
/* End XCConfigurationList section */
	};
	rootObject = ECA3D01C19C1627C003C02DE /* Project object */;
}
