// !$*UTF8*$!
{
	archiveVersion = 1;
	classes = {
	};
	objectVersion = 46;
	objects = {

/* Begin PBXBuildFile section */
		EC9783301A483BC2000848C5 /* Server.cpp in Sources */ = {isa = PBXBuildFile; fileRef = EC97832F1A483BC2000848C5 /* Server.cpp */; };
		ECD7AD901B59419C005E8574 /* BaseHeader.cpp in Sources */ = {isa = PBXBuildFile; fileRef = ECD7AD8C1B59419C005E8574 /* BaseHeader.cpp */; };
		ECD7AD911B59419C005E8574 /* Request.cpp in Sources */ = {isa = PBXBuildFile; fileRef = ECD7AD8D1B59419C005E8574 /* Request.cpp */; };
		ECD7AD921B59419C005E8574 /* Transport.cpp in Sources */ = {isa = PBXBuildFile; fileRef = ECD7AD8E1B59419C005E8574 /* Transport.cpp */; };
		ECD7AD931B59419C005E8574 /* Transport.h in Headers */ = {isa = PBXBuildFile; fileRef = ECD7AD8F1B59419C005E8574 /* Transport.h */; };
		ECD7AD961B594214005E8574 /* StringUtility.cpp in Sources */ = {isa = PBXBuildFile; fileRef = ECD7AD941B594214005E8574 /* StringUtility.cpp */; };
		ECD7AD971B594214005E8574 /* StringUtility.h in Headers */ = {isa = PBXBuildFile; fileRef = ECD7AD951B594214005E8574 /* StringUtility.h */; };
		ECD7AD9D1B5BC970005E8574 /* RequestHeader.cpp in Sources */ = {isa = PBXBuildFile; fileRef = ECD7AD9B1B5BC970005E8574 /* RequestHeader.cpp */; };
		ECD7AD9E1B5BC970005E8574 /* RequestHeader.h in Headers */ = {isa = PBXBuildFile; fileRef = ECD7AD9C1B5BC970005E8574 /* RequestHeader.h */; };
		ECD9D6921B611EAD00D1FB74 /* File.cpp in Sources */ = {isa = PBXBuildFile; fileRef = ECD9D6901B611EAD00D1FB74 /* File.cpp */; };
		ECD9D6931B611EAD00D1FB74 /* File.h in Headers */ = {isa = PBXBuildFile; fileRef = ECD9D6911B611EAD00D1FB74 /* File.h */; };
		ECD9D6A01B690D7F00D1FB74 /* Dir.cpp in Sources */ = {isa = PBXBuildFile; fileRef = ECD9D69E1B690D7F00D1FB74 /* Dir.cpp */; };
		ECD9D6A11B690D7F00D1FB74 /* Dir.h in Headers */ = {isa = PBXBuildFile; fileRef = ECD9D69F1B690D7F00D1FB74 /* Dir.h */; };
		ECE7AC3819DA8F5B000118A3 /* Acceptor.cpp in Sources */ = {isa = PBXBuildFile; fileRef = ECE7AC3619DA8F5B000118A3 /* Acceptor.cpp */; };
		ECE7AC3919DA8F5B000118A3 /* Acceptor.h in Headers */ = {isa = PBXBuildFile; fileRef = ECE7AC3719DA8F5B000118A3 /* Acceptor.h */; };
		ECE7AC4419DA9137000118A3 /* Connector.cpp in Sources */ = {isa = PBXBuildFile; fileRef = ECE7AC4219DA9137000118A3 /* Connector.cpp */; };
		ECE7AC4519DA9137000118A3 /* Connector.h in Headers */ = {isa = PBXBuildFile; fileRef = ECE7AC4319DA9137000118A3 /* Connector.h */; };
		ECE7AC4819DA9382000118A3 /* Connection.cpp in Sources */ = {isa = PBXBuildFile; fileRef = ECE7AC4619DA9382000118A3 /* Connection.cpp */; };
		ECE7AC4919DA9382000118A3 /* Connection.h in Headers */ = {isa = PBXBuildFile; fileRef = ECE7AC4719DA9382000118A3 /* Connection.h */; };
		ECE7AC4E19DA9458000118A3 /* Buffer.cpp in Sources */ = {isa = PBXBuildFile; fileRef = ECE7AC4A19DA9458000118A3 /* Buffer.cpp */; };
		ECE7AC4F19DA9458000118A3 /* Buffer.h in Headers */ = {isa = PBXBuildFile; fileRef = ECE7AC4B19DA9458000118A3 /* Buffer.h */; };
		ECE7AC5019DA9458000118A3 /* BufferV.cpp in Sources */ = {isa = PBXBuildFile; fileRef = ECE7AC4C19DA9458000118A3 /* BufferV.cpp */; };
		ECE7AC5119DA9458000118A3 /* BufferV.h in Headers */ = {isa = PBXBuildFile; fileRef = ECE7AC4D19DA9458000118A3 /* BufferV.h */; };
		ECE7AC5319DA94E2000118A3 /* Config.h in Headers */ = {isa = PBXBuildFile; fileRef = ECE7AC5219DA94E2000118A3 /* Config.h */; };
		ECE7AC5619DA956A000118A3 /* TCPServer.cpp in Sources */ = {isa = PBXBuildFile; fileRef = ECE7AC5419DA956A000118A3 /* TCPServer.cpp */; };
		ECE7AC5719DA956A000118A3 /* TCPServer.h in Headers */ = {isa = PBXBuildFile; fileRef = ECE7AC5519DA956A000118A3 /* TCPServer.h */; };
		ECE7AC5A19DA95BD000118A3 /* Watcher.cpp in Sources */ = {isa = PBXBuildFile; fileRef = ECE7AC5819DA95BD000118A3 /* Watcher.cpp */; };
		ECE7AC5B19DA95BD000118A3 /* Watcher.h in Headers */ = {isa = PBXBuildFile; fileRef = ECE7AC5919DA95BD000118A3 /* Watcher.h */; };
		ECE7AC5E19DA9607000118A3 /* Select.cpp in Sources */ = {isa = PBXBuildFile; fileRef = ECE7AC5C19DA9607000118A3 /* Select.cpp */; };
		ECE7AC5F19DA9607000118A3 /* Select.h in Headers */ = {isa = PBXBuildFile; fileRef = ECE7AC5D19DA9607000118A3 /* Select.h */; };
		ECE7AC6119DA965C000118A3 /* Loop.h in Headers */ = {isa = PBXBuildFile; fileRef = ECE7AC6019DA965C000118A3 /* Loop.h */; };
		ECE7AC6419DA96C1000118A3 /* EventLoop.cpp in Sources */ = {isa = PBXBuildFile; fileRef = ECE7AC6219DA96C1000118A3 /* EventLoop.cpp */; };
		ECE7AC6519DA96C1000118A3 /* EventLoop.h in Headers */ = {isa = PBXBuildFile; fileRef = ECE7AC6319DA96C1000118A3 /* EventLoop.h */; };
		ECE7AC6819DA9709000118A3 /* KqueueSelect.cpp in Sources */ = {isa = PBXBuildFile; fileRef = ECE7AC6619DA9709000118A3 /* KqueueSelect.cpp */; };
		ECE7AC6919DA9709000118A3 /* KqueueSelect.h in Headers */ = {isa = PBXBuildFile; fileRef = ECE7AC6719DA9709000118A3 /* KqueueSelect.h */; };
		ECE7AC6C19DA9769000118A3 /* Alloc.cpp in Sources */ = {isa = PBXBuildFile; fileRef = ECE7AC6A19DA9769000118A3 /* Alloc.cpp */; };
		ECE7AC6D19DA9769000118A3 /* Alloc.h in Headers */ = {isa = PBXBuildFile; fileRef = ECE7AC6B19DA9769000118A3 /* Alloc.h */; };
		ECE7AC7019DA97B6000118A3 /* Timestamp.cpp in Sources */ = {isa = PBXBuildFile; fileRef = ECE7AC6E19DA97B6000118A3 /* Timestamp.cpp */; };
		ECE7AC7119DA97B6000118A3 /* Timestamp.h in Headers */ = {isa = PBXBuildFile; fileRef = ECE7AC6F19DA97B6000118A3 /* Timestamp.h */; };
/* End PBXBuildFile section */

/* Begin PBXFileReference section */
		EC97832C1A480627000848C5 /* Router.h */ = {isa = PBXFileReference; lastKnownFileType = sourcecode.c.h; path = Router.h; sourceTree = "<group>"; };
		EC97832F1A483BC2000848C5 /* Server.cpp */ = {isa = PBXFileReference; fileEncoding = 4; lastKnownFileType = sourcecode.cpp.cpp; path = Server.cpp; sourceTree = "<group>"; };
		ECA3D02419C1627C003C02DE /* libET.a */ = {isa = PBXFileReference; explicitFileType = archive.ar; includeInIndex = 0; path = libET.a; sourceTree = BUILT_PRODUCTS_DIR; };
		ECD7AD8C1B59419C005E8574 /* BaseHeader.cpp */ = {isa = PBXFileReference; fileEncoding = 4; lastKnownFileType = sourcecode.cpp.cpp; path = BaseHeader.cpp; sourceTree = "<group>"; };
		ECD7AD8D1B59419C005E8574 /* Request.cpp */ = {isa = PBXFileReference; fileEncoding = 4; lastKnownFileType = sourcecode.cpp.cpp; path = Request.cpp; sourceTree = "<group>"; };
		ECD7AD8E1B59419C005E8574 /* Transport.cpp */ = {isa = PBXFileReference; fileEncoding = 4; lastKnownFileType = sourcecode.cpp.cpp; path = Transport.cpp; sourceTree = "<group>"; };
		ECD7AD8F1B59419C005E8574 /* Transport.h */ = {isa = PBXFileReference; fileEncoding = 4; lastKnownFileType = sourcecode.c.h; path = Transport.h; sourceTree = "<group>"; };
		ECD7AD941B594214005E8574 /* StringUtility.cpp */ = {isa = PBXFileReference; fileEncoding = 4; lastKnownFileType = sourcecode.cpp.cpp; path = StringUtility.cpp; sourceTree = "<group>"; };
		ECD7AD951B594214005E8574 /* StringUtility.h */ = {isa = PBXFileReference; fileEncoding = 4; lastKnownFileType = sourcecode.c.h; path = StringUtility.h; sourceTree = "<group>"; };
		ECD7AD9B1B5BC970005E8574 /* RequestHeader.cpp */ = {isa = PBXFileReference; fileEncoding = 4; lastKnownFileType = sourcecode.cpp.cpp; path = RequestHeader.cpp; sourceTree = "<group>"; };
		ECD7AD9C1B5BC970005E8574 /* RequestHeader.h */ = {isa = PBXFileReference; fileEncoding = 4; lastKnownFileType = sourcecode.c.h; path = RequestHeader.h; sourceTree = "<group>"; };
		ECD9D6901B611EAD00D1FB74 /* File.cpp */ = {isa = PBXFileReference; fileEncoding = 4; lastKnownFileType = sourcecode.cpp.cpp; path = File.cpp; sourceTree = "<group>"; };
		ECD9D6911B611EAD00D1FB74 /* File.h */ = {isa = PBXFileReference; fileEncoding = 4; lastKnownFileType = sourcecode.c.h; path = File.h; sourceTree = "<group>"; };
		ECD9D69E1B690D7F00D1FB74 /* Dir.cpp */ = {isa = PBXFileReference; fileEncoding = 4; lastKnownFileType = sourcecode.cpp.cpp; path = Dir.cpp; sourceTree = "<group>"; };
		ECD9D69F1B690D7F00D1FB74 /* Dir.h */ = {isa = PBXFileReference; fileEncoding = 4; lastKnownFileType = sourcecode.c.h; path = Dir.h; sourceTree = "<group>"; };
		ECE7AC3619DA8F5B000118A3 /* Acceptor.cpp */ = {isa = PBXFileReference; fileEncoding = 4; lastKnownFileType = sourcecode.cpp.cpp; path = Acceptor.cpp; sourceTree = "<group>"; };
		ECE7AC3719DA8F5B000118A3 /* Acceptor.h */ = {isa = PBXFileReference; fileEncoding = 4; lastKnownFileType = sourcecode.c.h; path = Acceptor.h; sourceTree = "<group>"; };
		ECE7AC4219DA9137000118A3 /* Connector.cpp */ = {isa = PBXFileReference; fileEncoding = 4; lastKnownFileType = sourcecode.cpp.cpp; path = Connector.cpp; sourceTree = "<group>"; };
		ECE7AC4319DA9137000118A3 /* Connector.h */ = {isa = PBXFileReference; fileEncoding = 4; lastKnownFileType = sourcecode.c.h; path = Connector.h; sourceTree = "<group>"; };
		ECE7AC4619DA9382000118A3 /* Connection.cpp */ = {isa = PBXFileReference; fileEncoding = 4; lastKnownFileType = sourcecode.cpp.cpp; lineEnding = 0; path = Connection.cpp; sourceTree = "<group>"; xcLanguageSpecificationIdentifier = xcode.lang.cpp; };
		ECE7AC4719DA9382000118A3 /* Connection.h */ = {isa = PBXFileReference; fileEncoding = 4; lastKnownFileType = sourcecode.c.h; lineEnding = 0; path = Connection.h; sourceTree = "<group>"; xcLanguageSpecificationIdentifier = xcode.lang.objcpp; };
		ECE7AC4A19DA9458000118A3 /* Buffer.cpp */ = {isa = PBXFileReference; fileEncoding = 4; lastKnownFileType = sourcecode.cpp.cpp; path = Buffer.cpp; sourceTree = "<group>"; };
		ECE7AC4B19DA9458000118A3 /* Buffer.h */ = {isa = PBXFileReference; fileEncoding = 4; lastKnownFileType = sourcecode.c.h; path = Buffer.h; sourceTree = "<group>"; };
		ECE7AC4C19DA9458000118A3 /* BufferV.cpp */ = {isa = PBXFileReference; fileEncoding = 4; lastKnownFileType = sourcecode.cpp.cpp; path = BufferV.cpp; sourceTree = "<group>"; };
		ECE7AC4D19DA9458000118A3 /* BufferV.h */ = {isa = PBXFileReference; fileEncoding = 4; lastKnownFileType = sourcecode.c.h; path = BufferV.h; sourceTree = "<group>"; };
		ECE7AC5219DA94E2000118A3 /* Config.h */ = {isa = PBXFileReference; fileEncoding = 4; lastKnownFileType = sourcecode.c.h; path = Config.h; sourceTree = "<group>"; };
		ECE7AC5419DA956A000118A3 /* TCPServer.cpp */ = {isa = PBXFileReference; fileEncoding = 4; lastKnownFileType = sourcecode.cpp.cpp; path = TCPServer.cpp; sourceTree = "<group>"; };
		ECE7AC5519DA956A000118A3 /* TCPServer.h */ = {isa = PBXFileReference; fileEncoding = 4; lastKnownFileType = sourcecode.c.h; path = TCPServer.h; sourceTree = "<group>"; };
		ECE7AC5819DA95BD000118A3 /* Watcher.cpp */ = {isa = PBXFileReference; fileEncoding = 4; lastKnownFileType = sourcecode.cpp.cpp; path = Watcher.cpp; sourceTree = "<group>"; };
		ECE7AC5919DA95BD000118A3 /* Watcher.h */ = {isa = PBXFileReference; fileEncoding = 4; lastKnownFileType = sourcecode.c.h; path = Watcher.h; sourceTree = "<group>"; };
		ECE7AC5C19DA9607000118A3 /* Select.cpp */ = {isa = PBXFileReference; fileEncoding = 4; lastKnownFileType = sourcecode.cpp.cpp; path = Select.cpp; sourceTree = "<group>"; };
		ECE7AC5D19DA9607000118A3 /* Select.h */ = {isa = PBXFileReference; fileEncoding = 4; lastKnownFileType = sourcecode.c.h; path = Select.h; sourceTree = "<group>"; };
		ECE7AC6019DA965C000118A3 /* Loop.h */ = {isa = PBXFileReference; fileEncoding = 4; lastKnownFileType = sourcecode.c.h; path = Loop.h; sourceTree = "<group>"; };
		ECE7AC6219DA96C1000118A3 /* EventLoop.cpp */ = {isa = PBXFileReference; fileEncoding = 4; lastKnownFileType = sourcecode.cpp.cpp; path = EventLoop.cpp; sourceTree = "<group>"; };
		ECE7AC6319DA96C1000118A3 /* EventLoop.h */ = {isa = PBXFileReference; fileEncoding = 4; lastKnownFileType = sourcecode.c.h; path = EventLoop.h; sourceTree = "<group>"; };
		ECE7AC6619DA9709000118A3 /* KqueueSelect.cpp */ = {isa = PBXFileReference; fileEncoding = 4; lastKnownFileType = sourcecode.cpp.cpp; path = KqueueSelect.cpp; sourceTree = "<group>"; };
		ECE7AC6719DA9709000118A3 /* KqueueSelect.h */ = {isa = PBXFileReference; fileEncoding = 4; lastKnownFileType = sourcecode.c.h; path = KqueueSelect.h; sourceTree = "<group>"; };
		ECE7AC6A19DA9769000118A3 /* Alloc.cpp */ = {isa = PBXFileReference; fileEncoding = 4; lastKnownFileType = sourcecode.cpp.cpp; path = Alloc.cpp; sourceTree = "<group>"; };
		ECE7AC6B19DA9769000118A3 /* Alloc.h */ = {isa = PBXFileReference; fileEncoding = 4; lastKnownFileType = sourcecode.c.h; path = Alloc.h; sourceTree = "<group>"; };
		ECE7AC6E19DA97B6000118A3 /* Timestamp.cpp */ = {isa = PBXFileReference; fileEncoding = 4; lastKnownFileType = sourcecode.cpp.cpp; path = Timestamp.cpp; sourceTree = "<group>"; };
		ECE7AC6F19DA97B6000118A3 /* Timestamp.h */ = {isa = PBXFileReference; fileEncoding = 4; lastKnownFileType = sourcecode.c.h; path = Timestamp.h; sourceTree = "<group>"; };
		ECF48B481A0F541D0076A7D4 /* Request.h */ = {isa = PBXFileReference; lastKnownFileType = sourcecode.c.h; path = Request.h; sourceTree = "<group>"; };
		ECF48B491A0F542A0076A7D4 /* Response.h */ = {isa = PBXFileReference; lastKnownFileType = sourcecode.c.h; path = Response.h; sourceTree = "<group>"; };
		ECF48B4A1A0F54530076A7D4 /* Server.h */ = {isa = PBXFileReference; lastKnownFileType = sourcecode.c.h; path = Server.h; sourceTree = "<group>"; };
		ECF48B4B1A0F545D0076A7D4 /* Client.h */ = {isa = PBXFileReference; lastKnownFileType = sourcecode.c.h; path = Client.h; sourceTree = "<group>"; };
		ECF48B4C1A0F5D9A0076A7D4 /* BaseHeader.h */ = {isa = PBXFileReference; lastKnownFileType = sourcecode.c.h; path = BaseHeader.h; sourceTree = "<group>"; };
/* End PBXFileReference section */

/* Begin PBXFrameworksBuildPhase section */
		ECA3D02119C1627C003C02DE /* Frameworks */ = {
			isa = PBXFrameworksBuildPhase;
			buildActionMask = 2147483647;
			files = (
			);
			runOnlyForDeploymentPostprocessing = 0;
		};
/* End PBXFrameworksBuildPhase section */

/* Begin PBXGroup section */
		ECA3D01B19C1627C003C02DE = {
			isa = PBXGroup;
			children = (
				ECA3D02B19C163AE003C02DE /* src */,
				ECA3D02519C1627C003C02DE /* Products */,
			);
			sourceTree = "<group>";
		};
		ECA3D02519C1627C003C02DE /* Products */ = {
			isa = PBXGroup;
			children = (
				ECA3D02419C1627C003C02DE /* libET.a */,
			);
			name = Products;
			sourceTree = "<group>";
		};
		ECA3D02B19C163AE003C02DE /* src */ = {
			isa = PBXGroup;
			children = (
				ECD9D68F1B611E9400D1FB74 /* system */,
				ECF48B471A0F0C4B0076A7D4 /* http */,
				ECE7AC6619DA9709000118A3 /* KqueueSelect.cpp */,
				ECE7AC6719DA9709000118A3 /* KqueueSelect.h */,
				ECE7AC6219DA96C1000118A3 /* EventLoop.cpp */,
				ECE7AC6319DA96C1000118A3 /* EventLoop.h */,
				ECE7AC6019DA965C000118A3 /* Loop.h */,
				ECE7AC5C19DA9607000118A3 /* Select.cpp */,
				ECE7AC5D19DA9607000118A3 /* Select.h */,
				ECE7AC5819DA95BD000118A3 /* Watcher.cpp */,
				ECE7AC5919DA95BD000118A3 /* Watcher.h */,
				ECE7AC5419DA956A000118A3 /* TCPServer.cpp */,
				ECE7AC5519DA956A000118A3 /* TCPServer.h */,
				ECE7AC5219DA94E2000118A3 /* Config.h */,
				ECE7AC4A19DA9458000118A3 /* Buffer.cpp */,
				ECE7AC4B19DA9458000118A3 /* Buffer.h */,
				ECE7AC4C19DA9458000118A3 /* BufferV.cpp */,
				ECE7AC4D19DA9458000118A3 /* BufferV.h */,
				ECE7AC4619DA9382000118A3 /* Connection.cpp */,
				ECE7AC4719DA9382000118A3 /* Connection.h */,
				ECE7AC4219DA9137000118A3 /* Connector.cpp */,
				ECE7AC4319DA9137000118A3 /* Connector.h */,
				ECE7AC3619DA8F5B000118A3 /* Acceptor.cpp */,
				ECE7AC3719DA8F5B000118A3 /* Acceptor.h */,
				ECA3D04319C163AE003C02DE /* utility */,
			);
			name = src;
			path = ../../../src;
			sourceTree = "<group>";
		};
		ECA3D04319C163AE003C02DE /* utility */ = {
			isa = PBXGroup;
			children = (
				ECD7AD941B594214005E8574 /* StringUtility.cpp */,
				ECD7AD951B594214005E8574 /* StringUtility.h */,
				ECE7AC6E19DA97B6000118A3 /* Timestamp.cpp */,
				ECE7AC6F19DA97B6000118A3 /* Timestamp.h */,
				ECE7AC6A19DA9769000118A3 /* Alloc.cpp */,
				ECE7AC6B19DA9769000118A3 /* Alloc.h */,
			);
			path = utility;
			sourceTree = "<group>";
		};
		ECD9D68F1B611E9400D1FB74 /* system */ = {
			isa = PBXGroup;
			children = (
				ECD9D6901B611EAD00D1FB74 /* File.cpp */,
				ECD9D6911B611EAD00D1FB74 /* File.h */,
				ECD9D69E1B690D7F00D1FB74 /* Dir.cpp */,
				ECD9D69F1B690D7F00D1FB74 /* Dir.h */,
			);
			path = system;
			sourceTree = "<group>";
		};
		ECF48B471A0F0C4B0076A7D4 /* http */ = {
			isa = PBXGroup;
			children = (
				EC97832F1A483BC2000848C5 /* Server.cpp */,
				ECF48B4A1A0F54530076A7D4 /* Server.h */,
				ECD7AD8E1B59419C005E8574 /* Transport.cpp */,
				ECD7AD8F1B59419C005E8574 /* Transport.h */,
				ECD7AD8C1B59419C005E8574 /* BaseHeader.cpp */,
				ECF48B4C1A0F5D9A0076A7D4 /* BaseHeader.h */,
				ECD7AD9B1B5BC970005E8574 /* RequestHeader.cpp */,
				ECD7AD9C1B5BC970005E8574 /* RequestHeader.h */,
				ECD7AD8D1B59419C005E8574 /* Request.cpp */,
				ECF48B481A0F541D0076A7D4 /* Request.h */,
				ECF48B491A0F542A0076A7D4 /* Response.h */,
				EC97832C1A480627000848C5 /* Router.h */,
				ECF48B4B1A0F545D0076A7D4 /* Client.h */,
			);
			path = http;
			sourceTree = "<group>";
		};
/* End PBXGroup section */

/* Begin PBXHeadersBuildPhase section */
		ECA3D02219C1627C003C02DE /* Headers */ = {
			isa = PBXHeadersBuildPhase;
			buildActionMask = 2147483647;
			files = (
				ECD7AD971B594214005E8574 /* StringUtility.h in Headers */,
				ECE7AC5719DA956A000118A3 /* TCPServer.h in Headers */,
				ECE7AC6519DA96C1000118A3 /* EventLoop.h in Headers */,
				ECE7AC6119DA965C000118A3 /* Loop.h in Headers */,
				ECE7AC5F19DA9607000118A3 /* Select.h in Headers */,
				ECE7AC6D19DA9769000118A3 /* Alloc.h in Headers */,
				ECE7AC5B19DA95BD000118A3 /* Watcher.h in Headers */,
				ECE7AC6919DA9709000118A3 /* KqueueSelect.h in Headers */,
				ECE7AC5119DA9458000118A3 /* BufferV.h in Headers */,
				ECE7AC4519DA9137000118A3 /* Connector.h in Headers */,
				ECD7AD9E1B5BC970005E8574 /* RequestHeader.h in Headers */,
				ECD7AD931B59419C005E8574 /* Transport.h in Headers */,
				ECD9D6A11B690D7F00D1FB74 /* Dir.h in Headers */,
				ECE7AC5319DA94E2000118A3 /* Config.h in Headers */,
				ECE7AC4919DA9382000118A3 /* Connection.h in Headers */,
				ECE7AC4F19DA9458000118A3 /* Buffer.h in Headers */,
				ECE7AC3919DA8F5B000118A3 /* Acceptor.h in Headers */,
				ECD9D6931B611EAD00D1FB74 /* File.h in Headers */,
				ECE7AC7119DA97B6000118A3 /* Timestamp.h in Headers */,
			);
			runOnlyForDeploymentPostprocessing = 0;
		};
/* End PBXHeadersBuildPhase section */

/* Begin PBXNativeTarget section */
		ECA3D02319C1627C003C02DE /* ET */ = {
			isa = PBXNativeTarget;
			buildConfigurationList = ECA3D02819C1627C003C02DE /* Build configuration list for PBXNativeTarget "ET" */;
			buildPhases = (
				ECA3D02019C1627C003C02DE /* Sources */,
				ECA3D02119C1627C003C02DE /* Frameworks */,
				ECA3D02219C1627C003C02DE /* Headers */,
			);
			buildRules = (
			);
			dependencies = (
			);
			name = ET;
			productName = ET;
			productReference = ECA3D02419C1627C003C02DE /* libET.a */;
			productType = "com.apple.product-type.library.static";
		};
/* End PBXNativeTarget section */

/* Begin PBXProject section */
		ECA3D01C19C1627C003C02DE /* Project object */ = {
			isa = PBXProject;
			attributes = {
				LastUpgradeCheck = 0510;
				ORGANIZATIONNAME = liangliang;
			};
			buildConfigurationList = ECA3D01F19C1627C003C02DE /* Build configuration list for PBXProject "ET" */;
			compatibilityVersion = "Xcode 3.2";
			developmentRegion = English;
			hasScannedForEncodings = 0;
			knownRegions = (
				en,
			);
			mainGroup = ECA3D01B19C1627C003C02DE;
			productRefGroup = ECA3D02519C1627C003C02DE /* Products */;
			projectDirPath = "";
			projectRoot = "";
			targets = (
				ECA3D02319C1627C003C02DE /* ET */,
			);
		};
/* End PBXProject section */

/* Begin PBXSourcesBuildPhase section */
		ECA3D02019C1627C003C02DE /* Sources */ = {
			isa = PBXSourcesBuildPhase;
			buildActionMask = 2147483647;
			files = (
				ECE7AC3819DA8F5B000118A3 /* Acceptor.cpp in Sources */,
				ECE7AC6419DA96C1000118A3 /* EventLoop.cpp in Sources */,
				ECE7AC7019DA97B6000118A3 /* Timestamp.cpp in Sources */,
				ECE7AC4819DA9382000118A3 /* Connection.cpp in Sources */,
				ECE7AC5E19DA9607000118A3 /* Select.cpp in Sources */,
				ECE7AC6819DA9709000118A3 /* KqueueSelect.cpp in Sources */,
				ECD7AD911B59419C005E8574 /* Request.cpp in Sources */,
				ECD7AD901B59419C005E8574 /* BaseHeader.cpp in Sources */,
				ECE7AC4E19DA9458000118A3 /* Buffer.cpp in Sources */,
				ECE7AC4419DA9137000118A3 /* Connector.cpp in Sources */,
				EC9783301A483BC2000848C5 /* Server.cpp in Sources */,
				ECD9D6921B611EAD00D1FB74 /* File.cpp in Sources */,
				ECD7AD921B59419C005E8574 /* Transport.cpp in Sources */,
				ECD7AD9D1B5BC970005E8574 /* RequestHeader.cpp in Sources */,
				ECE7AC5019DA9458000118A3 /* BufferV.cpp in Sources */,
				ECD7AD961B594214005E8574 /* StringUtility.cpp in Sources */,
				ECE7AC5619DA956A000118A3 /* TCPServer.cpp in Sources */,
				ECE7AC6C19DA9769000118A3 /* Alloc.cpp in Sources */,
				ECE7AC5A19DA95BD000118A3 /* Watcher.cpp in Sources */,
				ECD9D6A01B690D7F00D1FB74 /* Dir.cpp in Sources */,
			);
			runOnlyForDeploymentPostprocessing = 0;
		};
/* End PBXSourcesBuildPhase section */

/* Begin XCBuildConfiguration section */
		ECA3D02619C1627C003C02DE /* Debug */ = {
			isa = XCBuildConfiguration;
			buildSettings = {
				ALWAYS_SEARCH_USER_PATHS = NO;
				CLANG_CXX_LANGUAGE_STANDARD = "gnu++0x";
				CLANG_CXX_LIBRARY = "libc++";
				CLANG_ENABLE_MODULES = YES;
				CLANG_ENABLE_OBJC_ARC = YES;
				CLANG_WARN_BOOL_CONVERSION = YES;
				CLANG_WARN_CONSTANT_CONVERSION = YES;
				CLANG_WARN_DIRECT_OBJC_ISA_USAGE = YES_ERROR;
				CLANG_WARN_EMPTY_BODY = YES;
				CLANG_WARN_ENUM_CONVERSION = YES;
				CLANG_WARN_INT_CONVERSION = YES;
				CLANG_WARN_OBJC_ROOT_CLASS = YES_ERROR;
				CLANG_WARN__DUPLICATE_METHOD_MATCH = YES;
				COPY_PHASE_STRIP = NO;
				GCC_C_LANGUAGE_STANDARD = gnu99;
				GCC_DYNAMIC_NO_PIC = NO;
				GCC_ENABLE_OBJC_EXCEPTIONS = YES;
				GCC_OPTIMIZATION_LEVEL = 0;
				GCC_PREPROCESSOR_DEFINITIONS = (
					"DEBUG=1",
					"$(inherited)",
				);
				GCC_SYMBOLS_PRIVATE_EXTERN = NO;
				GCC_WARN_64_TO_32_BIT_CONVERSION = YES;
				GCC_WARN_ABOUT_RETURN_TYPE = YES_ERROR;
				GCC_WARN_UNDECLARED_SELECTOR = YES;
				GCC_WARN_UNINITIALIZED_AUTOS = YES_AGGRESSIVE;
				GCC_WARN_UNUSED_FUNCTION = YES;
				GCC_WARN_UNUSED_VARIABLE = YES;
				MACOSX_DEPLOYMENT_TARGET = 10.9;
				ONLY_ACTIVE_ARCH = YES;
				SDKROOT = macosx;
			};
			name = Debug;
		};
		ECA3D02719C1627C003C02DE /* Release */ = {
			isa = XCBuildConfiguration;
			buildSettings = {
				ALWAYS_SEARCH_USER_PATHS = NO;
				CLANG_CXX_LANGUAGE_STANDARD = "gnu++0x";
				CLANG_CXX_LIBRARY = "libc++";
				CLANG_ENABLE_MODULES = YES;
				CLANG_ENABLE_OBJC_ARC = YES;
				CLANG_WARN_BOOL_CONVERSION = YES;
				CLANG_WARN_CONSTANT_CONVERSION = YES;
				CLANG_WARN_DIRECT_OBJC_ISA_USAGE = YES_ERROR;
				CLANG_WARN_EMPTY_BODY = YES;
				CLANG_WARN_ENUM_CONVERSION = YES;
				CLANG_WARN_INT_CONVERSION = YES;
				CLANG_WARN_OBJC_ROOT_CLASS = YES_ERROR;
				CLANG_WARN__DUPLICATE_METHOD_MATCH = YES;
				COPY_PHASE_STRIP = YES;
				DEBUG_INFORMATION_FORMAT = "dwarf-with-dsym";
				ENABLE_NS_ASSERTIONS = NO;
				GCC_C_LANGUAGE_STANDARD = gnu99;
				GCC_ENABLE_OBJC_EXCEPTIONS = YES;
				GCC_WARN_64_TO_32_BIT_CONVERSION = YES;
				GCC_WARN_ABOUT_RETURN_TYPE = YES_ERROR;
				GCC_WARN_UNDECLARED_SELECTOR = YES;
				GCC_WARN_UNINITIALIZED_AUTOS = YES_AGGRESSIVE;
				GCC_WARN_UNUSED_FUNCTION = YES;
				GCC_WARN_UNUSED_VARIABLE = YES;
				MACOSX_DEPLOYMENT_TARGET = 10.9;
				SDKROOT = macosx;
			};
			name = Release;
		};
		ECA3D02919C1627C003C02DE /* Debug */ = {
			isa = XCBuildConfiguration;
			buildSettings = {
				EXECUTABLE_PREFIX = lib;
				PRODUCT_NAME = "$(TARGET_NAME)";
			};
			name = Debug;
		};
		ECA3D02A19C1627C003C02DE /* Release */ = {
			isa = XCBuildConfiguration;
			buildSettings = {
				EXECUTABLE_PREFIX = lib;
				PRODUCT_NAME = "$(TARGET_NAME)";
			};
			name = Release;
		};
/* End XCBuildConfiguration section */

/* Begin XCConfigurationList section */
		ECA3D01F19C1627C003C02DE /* Build configuration list for PBXProject "ET" */ = {
			isa = XCConfigurationList;
			buildConfigurations = (
				ECA3D02619C1627C003C02DE /* Debug */,
				ECA3D02719C1627C003C02DE /* Release */,
			);
			defaultConfigurationIsVisible = 0;
			defaultConfigurationName = Release;
		};
		ECA3D02819C1627C003C02DE /* Build configuration list for PBXNativeTarget "ET" */ = {
			isa = XCConfigurationList;
			buildConfigurations = (
				ECA3D02919C1627C003C02DE /* Debug */,
				ECA3D02A19C1627C003C02DE /* Release */,
			);
			defaultConfigurationIsVisible = 0;
			defaultConfigurationName = Release;
		};
/* End XCConfigurationList section */
	};
	rootObject = ECA3D01C19C1627C003C02DE /* Project object */;
}
